
Microsoft Visual Studio Solution File, Format Version 12.00
# Visual Studio Version 17
VisualStudioVersion = 17.4.33110.190
MinimumVisualStudioVersion = 10.0.40219.1
Project("{FAE04EC0-301F-11D3-BF4B-00C04F79EFBC}") = "revisão", "revisão\revisão.csproj", "{B7AE93D7-FA7C-4A85-888E-C4B76368EA58}"
EndProject
Global
	GlobalSection(SolutionConfigurationPlatforms) = preSolution
		Debug|Any CPU = Debug|Any CPU
		Release|Any CPU = Release|Any CPU
	EndGlobalSection
	GlobalSection(ProjectConfigurationPlatforms) = postSolution
		{B7AE93D7-FA7C-4A85-888E-C4B76368EA58}.Debug|Any CPU.ActiveCfg = Debug|Any CPU
		{B7AE93D7-FA7C-4A85-888E-C4B76368EA58}.Debug|Any CPU.Build.0 = Debug|Any CPU
		{B7AE93D7-FA7C-4A85-888E-C4B76368EA58}.Release|Any CPU.ActiveCfg = Release|Any CPU
		{B7AE93D7-FA7C-4A85-888E-C4B76368EA58}.Release|Any CPU.Build.0 = Release|Any CPU
	EndGlobalSection
	GlobalSection(SolutionProperties) = preSolution
		HideSolutionNode = FALSE
	EndGlobalSection
	GlobalSection(ExtensibilityGlobals) = postSolution
		SolutionGuid = {7CF2F768-F55F-44F2-9558-09BA0F9F7285}
	EndGlobalSection
EndGlobal
